
Microsoft Visual Studio Solution File, Format Version 12.00
# Visual Studio Version 16
VisualStudioVersion = 16.0.31129.286
MinimumVisualStudioVersion = 10.0.40219.1
Project("{FAE04EC0-301F-11D3-BF4B-00C04F79EFBC}") = "VCM.BL", "Src\VCM.BL\VCM.BL.csproj", "{32B157D2-5172-4726-A651-B80CD305195D}"
EndProject
Project("{FAE04EC0-301F-11D3-BF4B-00C04F79EFBC}") = "VCM.DL", "Src\VCM.DL\VCM.DL.csproj", "{9A0B5777-3548-48F5-AE5B-E8FD7829988C}"
EndProject
Project("{FAE04EC0-301F-11D3-BF4B-00C04F79EFBC}") = "VCM.Common", "Src\VCM.Common\VCM.Common.csproj", "{48310115-2334-48AE-9935-F12C5291F4CA}"
EndProject
Project("{FAE04EC0-301F-11D3-BF4B-00C04F79EFBC}") = "VCM.UI", "Src\VCM.UI\VCM.UI.csproj", "{7D257481-B44A-4670-AAFD-17A505BC68BC}"
EndProject
Project("{2150E333-8FDC-42A3-9474-1A3956D46DE8}") = "Tests", "Tests", "{7A0E0C20-3133-44CE-BF76-4C7E3D4E3F03}"
EndProject
Project("{FAE04EC0-301F-11D3-BF4B-00C04F79EFBC}") = "VCM.BL.Tests", "Tests\VCM.BL.Tests\VCM.BL.Tests.csproj", "{A3ECFDAF-20C6-40CB-8605-8126AE25F0BD}"
EndProject
Global
	GlobalSection(SolutionConfigurationPlatforms) = preSolution
		Debug|Any CPU = Debug|Any CPU
		Release|Any CPU = Release|Any CPU
	EndGlobalSection
	GlobalSection(ProjectConfigurationPlatforms) = postSolution
		{32B157D2-5172-4726-A651-B80CD305195D}.Debug|Any CPU.ActiveCfg = Debug|Any CPU
		{32B157D2-5172-4726-A651-B80CD305195D}.Debug|Any CPU.Build.0 = Debug|Any CPU
		{32B157D2-5172-4726-A651-B80CD305195D}.Release|Any CPU.ActiveCfg = Release|Any CPU
		{32B157D2-5172-4726-A651-B80CD305195D}.Release|Any CPU.Build.0 = Release|Any CPU
		{9A0B5777-3548-48F5-AE5B-E8FD7829988C}.Debug|Any CPU.ActiveCfg = Debug|Any CPU
		{9A0B5777-3548-48F5-AE5B-E8FD7829988C}.Debug|Any CPU.Build.0 = Debug|Any CPU
		{9A0B5777-3548-48F5-AE5B-E8FD7829988C}.Release|Any CPU.ActiveCfg = Release|Any CPU
		{9A0B5777-3548-48F5-AE5B-E8FD7829988C}.Release|Any CPU.Build.0 = Release|Any CPU
		{48310115-2334-48AE-9935-F12C5291F4CA}.Debug|Any CPU.ActiveCfg = Debug|Any CPU
		{48310115-2334-48AE-9935-F12C5291F4CA}.Debug|Any CPU.Build.0 = Debug|Any CPU
		{48310115-2334-48AE-9935-F12C5291F4CA}.Release|Any CPU.ActiveCfg = Release|Any CPU
		{48310115-2334-48AE-9935-F12C5291F4CA}.Release|Any CPU.Build.0 = Release|Any CPU
		{7D257481-B44A-4670-AAFD-17A505BC68BC}.Debug|Any CPU.ActiveCfg = Debug|Any CPU
		{7D257481-B44A-4670-AAFD-17A505BC68BC}.Debug|Any CPU.Build.0 = Debug|Any CPU
		{7D257481-B44A-4670-AAFD-17A505BC68BC}.Release|Any CPU.ActiveCfg = Release|Any CPU
		{7D257481-B44A-4670-AAFD-17A505BC68BC}.Release|Any CPU.Build.0 = Release|Any CPU
		{A3ECFDAF-20C6-40CB-8605-8126AE25F0BD}.Debug|Any CPU.ActiveCfg = Debug|Any CPU
		{A3ECFDAF-20C6-40CB-8605-8126AE25F0BD}.Debug|Any CPU.Build.0 = Debug|Any CPU
		{A3ECFDAF-20C6-40CB-8605-8126AE25F0BD}.Release|Any CPU.ActiveCfg = Release|Any CPU
		{A3ECFDAF-20C6-40CB-8605-8126AE25F0BD}.Release|Any CPU.Build.0 = Release|Any CPU
	EndGlobalSection
	GlobalSection(SolutionProperties) = preSolution
		HideSolutionNode = FALSE
	EndGlobalSection
	GlobalSection(NestedProjects) = preSolution
		{A3ECFDAF-20C6-40CB-8605-8126AE25F0BD} = {7A0E0C20-3133-44CE-BF76-4C7E3D4E3F03}
	EndGlobalSection
	GlobalSection(ExtensibilityGlobals) = postSolution
		SolutionGuid = {58C2D3A4-A049-489C-A98B-F4317C1383AB}
	EndGlobalSection
EndGlobal
